// !$*UTF8*$!
{
	archiveVersion = 1;
	classes = {
	};
	objectVersion = 56;
	objects = {

/* Begin PBXBuildFile section */
		4A06AAC929132F9E00A27234 /* DataModel.xcdatamodeld in Sources */ = {isa = PBXBuildFile; fileRef = 4A06AAC729132F9E00A27234 /* DataModel.xcdatamodeld */; };
		4A06AACC2913352E00A27234 /* NetworkServiceProtocol.swift in Sources */ = {isa = PBXBuildFile; fileRef = 4A06AACB2913352E00A27234 /* NetworkServiceProtocol.swift */; };
		4A06AACE29133B3F00A27234 /* NetworkServiceImpl.swift in Sources */ = {isa = PBXBuildFile; fileRef = 4A06AACD29133B3F00A27234 /* NetworkServiceImpl.swift */; };
		4A06AAD429133C6F00A27234 /* UserModel.swift in Sources */ = {isa = PBXBuildFile; fileRef = 4A06AAD329133C6F00A27234 /* UserModel.swift */; };
		4A06C98A2912FF500046EE11 /* AppDelegate.swift in Sources */ = {isa = PBXBuildFile; fileRef = 4A06C9892912FF500046EE11 /* AppDelegate.swift */; };
		4A06C98C2912FF500046EE11 /* SceneDelegate.swift in Sources */ = {isa = PBXBuildFile; fileRef = 4A06C98B2912FF500046EE11 /* SceneDelegate.swift */; };
		4A06C98E2912FF500046EE11 /* HomeViewController.swift in Sources */ = {isa = PBXBuildFile; fileRef = 4A06C98D2912FF500046EE11 /* HomeViewController.swift */; };
		4A06C9912912FF500046EE11 /* Main.storyboard in Resources */ = {isa = PBXBuildFile; fileRef = 4A06C98F2912FF500046EE11 /* Main.storyboard */; };
		4A06C9962912FF520046EE11 /* Assets.xcassets in Resources */ = {isa = PBXBuildFile; fileRef = 4A06C9952912FF520046EE11 /* Assets.xcassets */; };
		4A06C9992912FF520046EE11 /* LaunchScreen.storyboard in Resources */ = {isa = PBXBuildFile; fileRef = 4A06C9972912FF520046EE11 /* LaunchScreen.storyboard */; };
		4A06C9A42912FF520046EE11 /* PruebaAppTests.swift in Sources */ = {isa = PBXBuildFile; fileRef = 4A06C9A32912FF520046EE11 /* PruebaAppTests.swift */; };
		4A06C9AE2912FF520046EE11 /* PruebaAppUITests.swift in Sources */ = {isa = PBXBuildFile; fileRef = 4A06C9AD2912FF520046EE11 /* PruebaAppUITests.swift */; };
		4A06C9B02912FF520046EE11 /* PruebaAppUITestsLaunchTests.swift in Sources */ = {isa = PBXBuildFile; fileRef = 4A06C9AF2912FF520046EE11 /* PruebaAppUITestsLaunchTests.swift */; };
		4A06C9BE2913152D0046EE11 /* UserItemCell.swift in Sources */ = {isa = PBXBuildFile; fileRef = 4A06C9BC2913152D0046EE11 /* UserItemCell.swift */; };
		4A06C9C1291315520046EE11 /* Constants.swift in Sources */ = {isa = PBXBuildFile; fileRef = 4A06C9C0291315520046EE11 /* Constants.swift */; };
		4A4B1656291381C70061D5D0 /* HomeViewModel.swift in Sources */ = {isa = PBXBuildFile; fileRef = 4A4B1655291381C70061D5D0 /* HomeViewModel.swift */; };
		4A4B165829138D7D0061D5D0 /* ObservableObject.swift in Sources */ = {isa = PBXBuildFile; fileRef = 4A4B165729138D7D0061D5D0 /* ObservableObject.swift */; };
		4A4B165D29146C080061D5D0 /* NotFoundCell.swift in Sources */ = {isa = PBXBuildFile; fileRef = 4A4B165B29146C080061D5D0 /* NotFoundCell.swift */; };
		4A4B166029147B5D0061D5D0 /* PostsViewController.swift in Sources */ = {isa = PBXBuildFile; fileRef = 4A4B165F29147B5D0061D5D0 /* PostsViewController.swift */; };
		4A5627612914AF99001D6994 /* UserItemCell.xib in Resources */ = {isa = PBXBuildFile; fileRef = 4A5627602914AF99001D6994 /* UserItemCell.xib */; };
		4AAB053A29148D0300B6FF25 /* PostsViewModel.swift in Sources */ = {isa = PBXBuildFile; fileRef = 4AAB053929148D0300B6FF25 /* PostsViewModel.swift */; };
		4AAB053D2914903600B6FF25 /* PostsCell.swift in Sources */ = {isa = PBXBuildFile; fileRef = 4AAB053B2914903600B6FF25 /* PostsCell.swift */; };
		4AB34E462914B02C006109A0 /* PostsCell.xib in Resources */ = {isa = PBXBuildFile; fileRef = 4AB34E452914B02C006109A0 /* PostsCell.xib */; };
		4AB34E492914B090006109A0 /* PostModel.swift in Sources */ = {isa = PBXBuildFile; fileRef = 4AB34E482914B090006109A0 /* PostModel.swift */; };
		4AF31FB12914AFED006AFC47 /* NotFoundCell.xib in Resources */ = {isa = PBXBuildFile; fileRef = 4AF31FB02914AFED006AFC47 /* NotFoundCell.xib */; };
		7CBEB17CE5D387B7D27D3080 /* Pods_PruebaAppTests.framework in Frameworks */ = {isa = PBXBuildFile; fileRef = 2822F382BE47081DAE1852E1 /* Pods_PruebaAppTests.framework */; };
		84964806E6A6F6DB755197D2 /* Pods_PruebaApp_PruebaAppUITests.framework in Frameworks */ = {isa = PBXBuildFile; fileRef = E0E41FDD882C0A2A94965A19 /* Pods_PruebaApp_PruebaAppUITests.framework */; };
		DBC74E05C67AB2F56352EEC0 /* Pods_PruebaApp.framework in Frameworks */ = {isa = PBXBuildFile; fileRef = FA0206F1C39D263429D9C535 /* Pods_PruebaApp.framework */; };
/* End PBXBuildFile section */

/* Begin PBXContainerItemProxy section */
		4A06C9A02912FF520046EE11 /* PBXContainerItemProxy */ = {
			isa = PBXContainerItemProxy;
			containerPortal = 4A06C97E2912FF500046EE11 /* Project object */;
			proxyType = 1;
			remoteGlobalIDString = 4A06C9852912FF500046EE11;
			remoteInfo = PruebaApp;
		};
		4A06C9AA2912FF520046EE11 /* PBXContainerItemProxy */ = {
			isa = PBXContainerItemProxy;
			containerPortal = 4A06C97E2912FF500046EE11 /* Project object */;
			proxyType = 1;
			remoteGlobalIDString = 4A06C9852912FF500046EE11;
			remoteInfo = PruebaApp;
		};
/* End PBXContainerItemProxy section */

/* Begin PBXFileReference section */
		0BD265C51CC4A7922884B3A7 /* Pods-PruebaApp-PruebaAppUITests.debug.xcconfig */ = {isa = PBXFileReference; includeInIndex = 1; lastKnownFileType = text.xcconfig; name = "Pods-PruebaApp-PruebaAppUITests.debug.xcconfig"; path = "Target Support Files/Pods-PruebaApp-PruebaAppUITests/Pods-PruebaApp-PruebaAppUITests.debug.xcconfig"; sourceTree = "<group>"; };
		2822F382BE47081DAE1852E1 /* Pods_PruebaAppTests.framework */ = {isa = PBXFileReference; explicitFileType = wrapper.framework; includeInIndex = 0; path = Pods_PruebaAppTests.framework; sourceTree = BUILT_PRODUCTS_DIR; };
		292E014BC56C0F12EE0042CE /* Pods-PruebaApp-PruebaAppUITests.release.xcconfig */ = {isa = PBXFileReference; includeInIndex = 1; lastKnownFileType = text.xcconfig; name = "Pods-PruebaApp-PruebaAppUITests.release.xcconfig"; path = "Target Support Files/Pods-PruebaApp-PruebaAppUITests/Pods-PruebaApp-PruebaAppUITests.release.xcconfig"; sourceTree = "<group>"; };
		448F30850C447B92CE47E387 /* Pods-PruebaApp.debug.xcconfig */ = {isa = PBXFileReference; includeInIndex = 1; lastKnownFileType = text.xcconfig; name = "Pods-PruebaApp.debug.xcconfig"; path = "Target Support Files/Pods-PruebaApp/Pods-PruebaApp.debug.xcconfig"; sourceTree = "<group>"; };
		4A06AAC829132F9E00A27234 /* UserModel.xcdatamodel */ = {isa = PBXFileReference; lastKnownFileType = wrapper.xcdatamodel; path = UserModel.xcdatamodel; sourceTree = "<group>"; };
		4A06AACB2913352E00A27234 /* NetworkServiceProtocol.swift */ = {isa = PBXFileReference; lastKnownFileType = sourcecode.swift; path = NetworkServiceProtocol.swift; sourceTree = "<group>"; };
		4A06AACD29133B3F00A27234 /* NetworkServiceImpl.swift */ = {isa = PBXFileReference; lastKnownFileType = sourcecode.swift; path = NetworkServiceImpl.swift; sourceTree = "<group>"; };
		4A06AAD329133C6F00A27234 /* UserModel.swift */ = {isa = PBXFileReference; lastKnownFileType = sourcecode.swift; path = UserModel.swift; sourceTree = "<group>"; };
		4A06C9862912FF500046EE11 /* PruebaApp.app */ = {isa = PBXFileReference; explicitFileType = wrapper.application; includeInIndex = 0; path = PruebaApp.app; sourceTree = BUILT_PRODUCTS_DIR; };
		4A06C9892912FF500046EE11 /* AppDelegate.swift */ = {isa = PBXFileReference; lastKnownFileType = sourcecode.swift; path = AppDelegate.swift; sourceTree = "<group>"; };
		4A06C98B2912FF500046EE11 /* SceneDelegate.swift */ = {isa = PBXFileReference; lastKnownFileType = sourcecode.swift; path = SceneDelegate.swift; sourceTree = "<group>"; };
		4A06C98D2912FF500046EE11 /* HomeViewController.swift */ = {isa = PBXFileReference; lastKnownFileType = sourcecode.swift; path = HomeViewController.swift; sourceTree = "<group>"; };
		4A06C9902912FF500046EE11 /* Base */ = {isa = PBXFileReference; lastKnownFileType = file.storyboard; name = Base; path = Base.lproj/Main.storyboard; sourceTree = "<group>"; };
		4A06C9952912FF520046EE11 /* Assets.xcassets */ = {isa = PBXFileReference; lastKnownFileType = folder.assetcatalog; path = Assets.xcassets; sourceTree = "<group>"; };
		4A06C9982912FF520046EE11 /* Base */ = {isa = PBXFileReference; lastKnownFileType = file.storyboard; name = Base; path = Base.lproj/LaunchScreen.storyboard; sourceTree = "<group>"; };
		4A06C99A2912FF520046EE11 /* Info.plist */ = {isa = PBXFileReference; lastKnownFileType = text.plist.xml; path = Info.plist; sourceTree = "<group>"; };
		4A06C99F2912FF520046EE11 /* PruebaAppTests.xctest */ = {isa = PBXFileReference; explicitFileType = wrapper.cfbundle; includeInIndex = 0; path = PruebaAppTests.xctest; sourceTree = BUILT_PRODUCTS_DIR; };
		4A06C9A32912FF520046EE11 /* PruebaAppTests.swift */ = {isa = PBXFileReference; lastKnownFileType = sourcecode.swift; path = PruebaAppTests.swift; sourceTree = "<group>"; };
		4A06C9A92912FF520046EE11 /* PruebaAppUITests.xctest */ = {isa = PBXFileReference; explicitFileType = wrapper.cfbundle; includeInIndex = 0; path = PruebaAppUITests.xctest; sourceTree = BUILT_PRODUCTS_DIR; };
		4A06C9AD2912FF520046EE11 /* PruebaAppUITests.swift */ = {isa = PBXFileReference; lastKnownFileType = sourcecode.swift; path = PruebaAppUITests.swift; sourceTree = "<group>"; };
		4A06C9AF2912FF520046EE11 /* PruebaAppUITestsLaunchTests.swift */ = {isa = PBXFileReference; lastKnownFileType = sourcecode.swift; path = PruebaAppUITestsLaunchTests.swift; sourceTree = "<group>"; };
		4A06C9BC2913152D0046EE11 /* UserItemCell.swift */ = {isa = PBXFileReference; lastKnownFileType = sourcecode.swift; path = UserItemCell.swift; sourceTree = "<group>"; };
		4A06C9C0291315520046EE11 /* Constants.swift */ = {isa = PBXFileReference; lastKnownFileType = sourcecode.swift; path = Constants.swift; sourceTree = "<group>"; };
		4A4B1655291381C70061D5D0 /* HomeViewModel.swift */ = {isa = PBXFileReference; lastKnownFileType = sourcecode.swift; path = HomeViewModel.swift; sourceTree = "<group>"; };
		4A4B165729138D7D0061D5D0 /* ObservableObject.swift */ = {isa = PBXFileReference; lastKnownFileType = sourcecode.swift; path = ObservableObject.swift; sourceTree = "<group>"; };
		4A4B165B29146C080061D5D0 /* NotFoundCell.swift */ = {isa = PBXFileReference; lastKnownFileType = sourcecode.swift; path = NotFoundCell.swift; sourceTree = "<group>"; };
		4A4B165F29147B5D0061D5D0 /* PostsViewController.swift */ = {isa = PBXFileReference; lastKnownFileType = sourcecode.swift; path = PostsViewController.swift; sourceTree = "<group>"; };
		4A5627602914AF99001D6994 /* UserItemCell.xib */ = {isa = PBXFileReference; fileEncoding = 4; lastKnownFileType = file.xib; path = UserItemCell.xib; sourceTree = "<group>"; };
		4AAB053929148D0300B6FF25 /* PostsViewModel.swift */ = {isa = PBXFileReference; lastKnownFileType = sourcecode.swift; path = PostsViewModel.swift; sourceTree = "<group>"; };
		4AAB053B2914903600B6FF25 /* PostsCell.swift */ = {isa = PBXFileReference; lastKnownFileType = sourcecode.swift; path = PostsCell.swift; sourceTree = "<group>"; };
		4AB34E452914B02C006109A0 /* PostsCell.xib */ = {isa = PBXFileReference; fileEncoding = 4; lastKnownFileType = file.xib; path = PostsCell.xib; sourceTree = "<group>"; };
		4AB34E482914B090006109A0 /* PostModel.swift */ = {isa = PBXFileReference; lastKnownFileType = sourcecode.swift; path = PostModel.swift; sourceTree = "<group>"; };
		4AF31FB02914AFED006AFC47 /* NotFoundCell.xib */ = {isa = PBXFileReference; fileEncoding = 4; lastKnownFileType = file.xib; path = NotFoundCell.xib; sourceTree = "<group>"; };
		51915A61D83808CD68DCE830 /* Pods-PruebaApp.release.xcconfig */ = {isa = PBXFileReference; includeInIndex = 1; lastKnownFileType = text.xcconfig; name = "Pods-PruebaApp.release.xcconfig"; path = "Target Support Files/Pods-PruebaApp/Pods-PruebaApp.release.xcconfig"; sourceTree = "<group>"; };
		76D0461ACE838CF45BE74321 /* Pods-PruebaAppTests.release.xcconfig */ = {isa = PBXFileReference; includeInIndex = 1; lastKnownFileType = text.xcconfig; name = "Pods-PruebaAppTests.release.xcconfig"; path = "Target Support Files/Pods-PruebaAppTests/Pods-PruebaAppTests.release.xcconfig"; sourceTree = "<group>"; };
		AD369B1D3D28B7F7F96ADB2E /* Pods-PruebaAppTests.debug.xcconfig */ = {isa = PBXFileReference; includeInIndex = 1; lastKnownFileType = text.xcconfig; name = "Pods-PruebaAppTests.debug.xcconfig"; path = "Target Support Files/Pods-PruebaAppTests/Pods-PruebaAppTests.debug.xcconfig"; sourceTree = "<group>"; };
		E0E41FDD882C0A2A94965A19 /* Pods_PruebaApp_PruebaAppUITests.framework */ = {isa = PBXFileReference; explicitFileType = wrapper.framework; includeInIndex = 0; path = Pods_PruebaApp_PruebaAppUITests.framework; sourceTree = BUILT_PRODUCTS_DIR; };
		FA0206F1C39D263429D9C535 /* Pods_PruebaApp.framework */ = {isa = PBXFileReference; explicitFileType = wrapper.framework; includeInIndex = 0; path = Pods_PruebaApp.framework; sourceTree = BUILT_PRODUCTS_DIR; };
/* End PBXFileReference section */

/* Begin PBXFrameworksBuildPhase section */
		4A06C9832912FF500046EE11 /* Frameworks */ = {
			isa = PBXFrameworksBuildPhase;
			buildActionMask = 2147483647;
			files = (
				DBC74E05C67AB2F56352EEC0 /* Pods_PruebaApp.framework in Frameworks */,
			);
			runOnlyForDeploymentPostprocessing = 0;
		};
		4A06C99C2912FF520046EE11 /* Frameworks */ = {
			isa = PBXFrameworksBuildPhase;
			buildActionMask = 2147483647;
			files = (
				7CBEB17CE5D387B7D27D3080 /* Pods_PruebaAppTests.framework in Frameworks */,
			);
			runOnlyForDeploymentPostprocessing = 0;
		};
		4A06C9A62912FF520046EE11 /* Frameworks */ = {
			isa = PBXFrameworksBuildPhase;
			buildActionMask = 2147483647;
			files = (
				84964806E6A6F6DB755197D2 /* Pods_PruebaApp_PruebaAppUITests.framework in Frameworks */,
			);
			runOnlyForDeploymentPostprocessing = 0;
		};
/* End PBXFrameworksBuildPhase section */

/* Begin PBXGroup section */
		4A06AAC529132DEF00A27234 /* View */ = {
			isa = PBXGroup;
			children = (
				4A80F49A2914AE9F00991BF4 /* Cells */,
				4A06C98D2912FF500046EE11 /* HomeViewController.swift */,
				4A06C98F2912FF500046EE11 /* Main.storyboard */,
			);
			path = View;
			sourceTree = "<group>";
		};
		4A06AAC629132E0300A27234 /* Network */ = {
			isa = PBXGroup;
			children = (
				4A06AACB2913352E00A27234 /* NetworkServiceProtocol.swift */,
				4A06AACD29133B3F00A27234 /* NetworkServiceImpl.swift */,
			);
			path = Network;
			sourceTree = "<group>";
		};
		4A06AACA29132FFA00A27234 /* CoreData Model */ = {
			isa = PBXGroup;
			children = (
				4A06AAC729132F9E00A27234 /* DataModel.xcdatamodeld */,
			);
			path = "CoreData Model";
			sourceTree = "<group>";
		};
		4A06AAD229133C6200A27234 /* Model */ = {
			isa = PBXGroup;
			children = (
				4A06AAD329133C6F00A27234 /* UserModel.swift */,
			);
			path = Model;
			sourceTree = "<group>";
		};
		4A06C97D2912FF500046EE11 = {
			isa = PBXGroup;
			children = (
				4A06C9882912FF500046EE11 /* PruebaApp */,
				4A06C9A22912FF520046EE11 /* PruebaAppTests */,
				4A06C9AC2912FF520046EE11 /* PruebaAppUITests */,
				4A06C9872912FF500046EE11 /* Products */,
				924C336A483A17BF465BE110 /* Pods */,
				8F84F4DEA2F415615C56D7AC /* Frameworks */,
			);
			sourceTree = "<group>";
		};
		4A06C9872912FF500046EE11 /* Products */ = {
			isa = PBXGroup;
			children = (
				4A06C9862912FF500046EE11 /* PruebaApp.app */,
				4A06C99F2912FF520046EE11 /* PruebaAppTests.xctest */,
				4A06C9A92912FF520046EE11 /* PruebaAppUITests.xctest */,
			);
			name = Products;
			sourceTree = "<group>";
		};
		4A06C9882912FF500046EE11 /* PruebaApp */ = {
			isa = PBXGroup;
			children = (
				4A06C99A2912FF520046EE11 /* Info.plist */,
				4A06C9952912FF520046EE11 /* Assets.xcassets */,
				4A06C9972912FF520046EE11 /* LaunchScreen.storyboard */,
				4A06C98B2912FF500046EE11 /* SceneDelegate.swift */,
				4A06C9892912FF500046EE11 /* AppDelegate.swift */,
				4A4B165729138D7D0061D5D0 /* ObservableObject.swift */,
				4A06AAC629132E0300A27234 /* Network */,
				4AAB053F2914ACDD00B6FF25 /* HomeView */,
				4AAB05402914AD0400B6FF25 /* PostsView */,
				4A06AACA29132FFA00A27234 /* CoreData Model */,
				4AB34E4B2914B137006109A0 /* Constants */,
			);
			path = PruebaApp;
			sourceTree = "<group>";
		};
		4A06C9A22912FF520046EE11 /* PruebaAppTests */ = {
			isa = PBXGroup;
			children = (
				4A06C9A32912FF520046EE11 /* PruebaAppTests.swift */,
			);
			path = PruebaAppTests;
			sourceTree = "<group>";
		};
		4A06C9AC2912FF520046EE11 /* PruebaAppUITests */ = {
			isa = PBXGroup;
			children = (
				4A06C9AD2912FF520046EE11 /* PruebaAppUITests.swift */,
				4A06C9AF2912FF520046EE11 /* PruebaAppUITestsLaunchTests.swift */,
			);
			path = PruebaAppUITests;
			sourceTree = "<group>";
		};
		4A80F49A2914AE9F00991BF4 /* Cells */ = {
			isa = PBXGroup;
			children = (
				4A5627602914AF99001D6994 /* UserItemCell.xib */,
				4AF31FB02914AFED006AFC47 /* NotFoundCell.xib */,
				4A06C9BC2913152D0046EE11 /* UserItemCell.swift */,
				4A4B165B29146C080061D5D0 /* NotFoundCell.swift */,
			);
			path = Cells;
			sourceTree = "<group>";
		};
		4AAB053F2914ACDD00B6FF25 /* HomeView */ = {
			isa = PBXGroup;
			children = (
				4A06AAD229133C6200A27234 /* Model */,
				4A06AAC529132DEF00A27234 /* View */,
				4AAB05412914AD4600B6FF25 /* ViewModel */,
			);
			path = HomeView;
			sourceTree = "<group>";
		};
		4AAB05402914AD0400B6FF25 /* PostsView */ = {
			isa = PBXGroup;
			children = (
				4AB34E472914B080006109A0 /* Model */,
				4AAB05422914AD6100B6FF25 /* View */,
				4AB34E4A2914B0A7006109A0 /* ViewModel */,
			);
			path = PostsView;
			sourceTree = "<group>";
		};
		4AAB05412914AD4600B6FF25 /* ViewModel */ = {
			isa = PBXGroup;
			children = (
				4A4B1655291381C70061D5D0 /* HomeViewModel.swift */,
			);
			path = ViewModel;
			sourceTree = "<group>";
		};
		4AAB05422914AD6100B6FF25 /* View */ = {
			isa = PBXGroup;
			children = (
				4AF31FB22914B013006AFC47 /* Cells */,
				4AAB053B2914903600B6FF25 /* PostsCell.swift */,
				4A4B165F29147B5D0061D5D0 /* PostsViewController.swift */,
			);
			path = View;
			sourceTree = "<group>";
		};
		4AB34E472914B080006109A0 /* Model */ = {
			isa = PBXGroup;
			children = (
				4AB34E482914B090006109A0 /* PostModel.swift */,
			);
			path = Model;
			sourceTree = "<group>";
		};
		4AB34E4A2914B0A7006109A0 /* ViewModel */ = {
			isa = PBXGroup;
			children = (
				4AAB053929148D0300B6FF25 /* PostsViewModel.swift */,
			);
			path = ViewModel;
			sourceTree = "<group>";
		};
		4AB34E4B2914B137006109A0 /* Constants */ = {
			isa = PBXGroup;
			children = (
				4A06C9C0291315520046EE11 /* Constants.swift */,
			);
			path = Constants;
			sourceTree = "<group>";
		};
		4AF31FB22914B013006AFC47 /* Cells */ = {
			isa = PBXGroup;
			children = (
				4AB34E452914B02C006109A0 /* PostsCell.xib */,
			);
			path = Cells;
			sourceTree = "<group>";
		};
		8F84F4DEA2F415615C56D7AC /* Frameworks */ = {
			isa = PBXGroup;
			children = (
				FA0206F1C39D263429D9C535 /* Pods_PruebaApp.framework */,
				E0E41FDD882C0A2A94965A19 /* Pods_PruebaApp_PruebaAppUITests.framework */,
				2822F382BE47081DAE1852E1 /* Pods_PruebaAppTests.framework */,
			);
			name = Frameworks;
			sourceTree = "<group>";
		};
		924C336A483A17BF465BE110 /* Pods */ = {
			isa = PBXGroup;
			children = (
				448F30850C447B92CE47E387 /* Pods-PruebaApp.debug.xcconfig */,
				51915A61D83808CD68DCE830 /* Pods-PruebaApp.release.xcconfig */,
				0BD265C51CC4A7922884B3A7 /* Pods-PruebaApp-PruebaAppUITests.debug.xcconfig */,
				292E014BC56C0F12EE0042CE /* Pods-PruebaApp-PruebaAppUITests.release.xcconfig */,
				AD369B1D3D28B7F7F96ADB2E /* Pods-PruebaAppTests.debug.xcconfig */,
				76D0461ACE838CF45BE74321 /* Pods-PruebaAppTests.release.xcconfig */,
			);
			path = Pods;
			sourceTree = "<group>";
		};
/* End PBXGroup section */

/* Begin PBXNativeTarget section */
		4A06C9852912FF500046EE11 /* PruebaApp */ = {
			isa = PBXNativeTarget;
			buildConfigurationList = 4A06C9B32912FF520046EE11 /* Build configuration list for PBXNativeTarget "PruebaApp" */;
			buildPhases = (
				3145DD9CCE47915D4A5022D9 /* [CP] Check Pods Manifest.lock */,
				4A06C9822912FF500046EE11 /* Sources */,
				4A06C9832912FF500046EE11 /* Frameworks */,
				4A06C9842912FF500046EE11 /* Resources */,
				1E1259ECDC856D526201A9A9 /* [CP] Embed Pods Frameworks */,
			);
			buildRules = (
			);
			dependencies = (
			);
			name = PruebaApp;
			productName = PruebaApp;
			productReference = 4A06C9862912FF500046EE11 /* PruebaApp.app */;
			productType = "com.apple.product-type.application";
		};
		4A06C99E2912FF520046EE11 /* PruebaAppTests */ = {
			isa = PBXNativeTarget;
			buildConfigurationList = 4A06C9B62912FF520046EE11 /* Build configuration list for PBXNativeTarget "PruebaAppTests" */;
			buildPhases = (
				4D452550944B21EA6045C88C /* [CP] Check Pods Manifest.lock */,
				4A06C99B2912FF520046EE11 /* Sources */,
				4A06C99C2912FF520046EE11 /* Frameworks */,
				4A06C99D2912FF520046EE11 /* Resources */,
			);
			buildRules = (
			);
			dependencies = (
				4A06C9A12912FF520046EE11 /* PBXTargetDependency */,
			);
			name = PruebaAppTests;
			productName = PruebaAppTests;
			productReference = 4A06C99F2912FF520046EE11 /* PruebaAppTests.xctest */;
			productType = "com.apple.product-type.bundle.unit-test";
		};
		4A06C9A82912FF520046EE11 /* PruebaAppUITests */ = {
			isa = PBXNativeTarget;
			buildConfigurationList = 4A06C9B92912FF520046EE11 /* Build configuration list for PBXNativeTarget "PruebaAppUITests" */;
			buildPhases = (
				C0369F19110329235A2CDFD0 /* [CP] Check Pods Manifest.lock */,
				4A06C9A52912FF520046EE11 /* Sources */,
				4A06C9A62912FF520046EE11 /* Frameworks */,
				4A06C9A72912FF520046EE11 /* Resources */,
				028E645628D16B5CD60F6515 /* [CP] Embed Pods Frameworks */,
			);
			buildRules = (
			);
			dependencies = (
				4A06C9AB2912FF520046EE11 /* PBXTargetDependency */,
			);
			name = PruebaAppUITests;
			productName = PruebaAppUITests;
			productReference = 4A06C9A92912FF520046EE11 /* PruebaAppUITests.xctest */;
			productType = "com.apple.product-type.bundle.ui-testing";
		};
/* End PBXNativeTarget section */

/* Begin PBXProject section */
		4A06C97E2912FF500046EE11 /* Project object */ = {
			isa = PBXProject;
			attributes = {
				BuildIndependentTargetsInParallel = 1;
				LastSwiftUpdateCheck = 1400;
				LastUpgradeCheck = 1400;
				TargetAttributes = {
					4A06C9852912FF500046EE11 = {
						CreatedOnToolsVersion = 14.0.1;
					};
					4A06C99E2912FF520046EE11 = {
						CreatedOnToolsVersion = 14.0.1;
						TestTargetID = 4A06C9852912FF500046EE11;
					};
					4A06C9A82912FF520046EE11 = {
						CreatedOnToolsVersion = 14.0.1;
						TestTargetID = 4A06C9852912FF500046EE11;
					};
				};
			};
			buildConfigurationList = 4A06C9812912FF500046EE11 /* Build configuration list for PBXProject "PruebaApp" */;
			compatibilityVersion = "Xcode 14.0";
			developmentRegion = en;
			hasScannedForEncodings = 0;
			knownRegions = (
				en,
				Base,
			);
			mainGroup = 4A06C97D2912FF500046EE11;
			productRefGroup = 4A06C9872912FF500046EE11 /* Products */;
			projectDirPath = "";
			projectRoot = "";
			targets = (
				4A06C9852912FF500046EE11 /* PruebaApp */,
				4A06C99E2912FF520046EE11 /* PruebaAppTests */,
				4A06C9A82912FF520046EE11 /* PruebaAppUITests */,
			);
		};
/* End PBXProject section */

/* Begin PBXResourcesBuildPhase section */
		4A06C9842912FF500046EE11 /* Resources */ = {
			isa = PBXResourcesBuildPhase;
			buildActionMask = 2147483647;
			files = (
				4A06C9992912FF520046EE11 /* LaunchScreen.storyboard in Resources */,
				4A06C9962912FF520046EE11 /* Assets.xcassets in Resources */,
				4A5627612914AF99001D6994 /* UserItemCell.xib in Resources */,
				4A06C9912912FF500046EE11 /* Main.storyboard in Resources */,
				4AF31FB12914AFED006AFC47 /* NotFoundCell.xib in Resources */,
				4AB34E462914B02C006109A0 /* PostsCell.xib in Resources */,
			);
			runOnlyForDeploymentPostprocessing = 0;
		};
		4A06C99D2912FF520046EE11 /* Resources */ = {
			isa = PBXResourcesBuildPhase;
			buildActionMask = 2147483647;
			files = (
			);
			runOnlyForDeploymentPostprocessing = 0;
		};
		4A06C9A72912FF520046EE11 /* Resources */ = {
			isa = PBXResourcesBuildPhase;
			buildActionMask = 2147483647;
			files = (
			);
			runOnlyForDeploymentPostprocessing = 0;
		};
/* End PBXResourcesBuildPhase section */

/* Begin PBXShellScriptBuildPhase section */
		028E645628D16B5CD60F6515 /* [CP] Embed Pods Frameworks */ = {
			isa = PBXShellScriptBuildPhase;
			buildActionMask = 2147483647;
			files = (
			);
			inputFileListPaths = (
				"${PODS_ROOT}/Target Support Files/Pods-PruebaApp-PruebaAppUITests/Pods-PruebaApp-PruebaAppUITests-frameworks-${CONFIGURATION}-input-files.xcfilelist",
			);
			name = "[CP] Embed Pods Frameworks";
			outputFileListPaths = (
				"${PODS_ROOT}/Target Support Files/Pods-PruebaApp-PruebaAppUITests/Pods-PruebaApp-PruebaAppUITests-frameworks-${CONFIGURATION}-output-files.xcfilelist",
			);
			runOnlyForDeploymentPostprocessing = 0;
			shellPath = /bin/sh;
			shellScript = "\"${PODS_ROOT}/Target Support Files/Pods-PruebaApp-PruebaAppUITests/Pods-PruebaApp-PruebaAppUITests-frameworks.sh\"\n";
			showEnvVarsInLog = 0;
		};
		1E1259ECDC856D526201A9A9 /* [CP] Embed Pods Frameworks */ = {
			isa = PBXShellScriptBuildPhase;
			buildActionMask = 2147483647;
			files = (
			);
			inputFileListPaths = (
				"${PODS_ROOT}/Target Support Files/Pods-PruebaApp/Pods-PruebaApp-frameworks-${CONFIGURATION}-input-files.xcfilelist",
			);
			name = "[CP] Embed Pods Frameworks";
			outputFileListPaths = (
				"${PODS_ROOT}/Target Support Files/Pods-PruebaApp/Pods-PruebaApp-frameworks-${CONFIGURATION}-output-files.xcfilelist",
			);
			runOnlyForDeploymentPostprocessing = 0;
			shellPath = /bin/sh;
			shellScript = "\"${PODS_ROOT}/Target Support Files/Pods-PruebaApp/Pods-PruebaApp-frameworks.sh\"\n";
			showEnvVarsInLog = 0;
		};
		3145DD9CCE47915D4A5022D9 /* [CP] Check Pods Manifest.lock */ = {
			isa = PBXShellScriptBuildPhase;
			buildActionMask = 2147483647;
			files = (
			);
			inputFileListPaths = (
			);
			inputPaths = (
				"${PODS_PODFILE_DIR_PATH}/Podfile.lock",
				"${PODS_ROOT}/Manifest.lock",
			);
			name = "[CP] Check Pods Manifest.lock";
			outputFileListPaths = (
			);
			outputPaths = (
				"$(DERIVED_FILE_DIR)/Pods-PruebaApp-checkManifestLockResult.txt",
			);
			runOnlyForDeploymentPostprocessing = 0;
			shellPath = /bin/sh;
			shellScript = "diff \"${PODS_PODFILE_DIR_PATH}/Podfile.lock\" \"${PODS_ROOT}/Manifest.lock\" > /dev/null\nif [ $? != 0 ] ; then\n    # print error to STDERR\n    echo \"error: The sandbox is not in sync with the Podfile.lock. Run 'pod install' or update your CocoaPods installation.\" >&2\n    exit 1\nfi\n# This output is used by Xcode 'outputs' to avoid re-running this script phase.\necho \"SUCCESS\" > \"${SCRIPT_OUTPUT_FILE_0}\"\n";
			showEnvVarsInLog = 0;
		};
		4D452550944B21EA6045C88C /* [CP] Check Pods Manifest.lock */ = {
			isa = PBXShellScriptBuildPhase;
			buildActionMask = 2147483647;
			files = (
			);
			inputFileListPaths = (
			);
			inputPaths = (
				"${PODS_PODFILE_DIR_PATH}/Podfile.lock",
				"${PODS_ROOT}/Manifest.lock",
			);
			name = "[CP] Check Pods Manifest.lock";
			outputFileListPaths = (
			);
			outputPaths = (
				"$(DERIVED_FILE_DIR)/Pods-PruebaAppTests-checkManifestLockResult.txt",
			);
			runOnlyForDeploymentPostprocessing = 0;
			shellPath = /bin/sh;
			shellScript = "diff \"${PODS_PODFILE_DIR_PATH}/Podfile.lock\" \"${PODS_ROOT}/Manifest.lock\" > /dev/null\nif [ $? != 0 ] ; then\n    # print error to STDERR\n    echo \"error: The sandbox is not in sync with the Podfile.lock. Run 'pod install' or update your CocoaPods installation.\" >&2\n    exit 1\nfi\n# This output is used by Xcode 'outputs' to avoid re-running this script phase.\necho \"SUCCESS\" > \"${SCRIPT_OUTPUT_FILE_0}\"\n";
			showEnvVarsInLog = 0;
		};
		C0369F19110329235A2CDFD0 /* [CP] Check Pods Manifest.lock */ = {
			isa = PBXShellScriptBuildPhase;
			buildActionMask = 2147483647;
			files = (
			);
			inputFileListPaths = (
			);
			inputPaths = (
				"${PODS_PODFILE_DIR_PATH}/Podfile.lock",
				"${PODS_ROOT}/Manifest.lock",
			);
			name = "[CP] Check Pods Manifest.lock";
			outputFileListPaths = (
			);
			outputPaths = (
				"$(DERIVED_FILE_DIR)/Pods-PruebaApp-PruebaAppUITests-checkManifestLockResult.txt",
			);
			runOnlyForDeploymentPostprocessing = 0;
			shellPath = /bin/sh;
			shellScript = "diff \"${PODS_PODFILE_DIR_PATH}/Podfile.lock\" \"${PODS_ROOT}/Manifest.lock\" > /dev/null\nif [ $? != 0 ] ; then\n    # print error to STDERR\n    echo \"error: The sandbox is not in sync with the Podfile.lock. Run 'pod install' or update your CocoaPods installation.\" >&2\n    exit 1\nfi\n# This output is used by Xcode 'outputs' to avoid re-running this script phase.\necho \"SUCCESS\" > \"${SCRIPT_OUTPUT_FILE_0}\"\n";
			showEnvVarsInLog = 0;
		};
/* End PBXShellScriptBuildPhase section */

/* Begin PBXSourcesBuildPhase section */
		4A06C9822912FF500046EE11 /* Sources */ = {
			isa = PBXSourcesBuildPhase;
			buildActionMask = 2147483647;
			files = (
				4A4B166029147B5D0061D5D0 /* PostsViewController.swift in Sources */,
				4A06AAC929132F9E00A27234 /* DataModel.xcdatamodeld in Sources */,
				4A4B1656291381C70061D5D0 /* HomeViewModel.swift in Sources */,
				4AAB053D2914903600B6FF25 /* PostsCell.swift in Sources */,
				4AB34E492914B090006109A0 /* PostModel.swift in Sources */,
				4A06C9BE2913152D0046EE11 /* UserItemCell.swift in Sources */,
				4A06C98E2912FF500046EE11 /* HomeViewController.swift in Sources */,
				4A06C98A2912FF500046EE11 /* AppDelegate.swift in Sources */,
				4A4B165829138D7D0061D5D0 /* ObservableObject.swift in Sources */,
				4A06AACE29133B3F00A27234 /* NetworkServiceImpl.swift in Sources */,
				4A4B165D29146C080061D5D0 /* NotFoundCell.swift in Sources */,
				4A06AACC2913352E00A27234 /* NetworkServiceProtocol.swift in Sources */,
				4AAB053A29148D0300B6FF25 /* PostsViewModel.swift in Sources */,
				4A06C98C2912FF500046EE11 /* SceneDelegate.swift in Sources */,
				4A06AAD429133C6F00A27234 /* UserModel.swift in Sources */,
				4A06C9C1291315520046EE11 /* Constants.swift in Sources */,
			);
			runOnlyForDeploymentPostprocessing = 0;
		};
		4A06C99B2912FF520046EE11 /* Sources */ = {
			isa = PBXSourcesBuildPhase;
			buildActionMask = 2147483647;
			files = (
				4A06C9A42912FF520046EE11 /* PruebaAppTests.swift in Sources */,
			);
			runOnlyForDeploymentPostprocessing = 0;
		};
		4A06C9A52912FF520046EE11 /* Sources */ = {
			isa = PBXSourcesBuildPhase;
			buildActionMask = 2147483647;
			files = (
				4A06C9AE2912FF520046EE11 /* PruebaAppUITests.swift in Sources */,
				4A06C9B02912FF520046EE11 /* PruebaAppUITestsLaunchTests.swift in Sources */,
			);
			runOnlyForDeploymentPostprocessing = 0;
		};
/* End PBXSourcesBuildPhase section */

/* Begin PBXTargetDependency section */
		4A06C9A12912FF520046EE11 /* PBXTargetDependency */ = {
			isa = PBXTargetDependency;
			target = 4A06C9852912FF500046EE11 /* PruebaApp */;
			targetProxy = 4A06C9A02912FF520046EE11 /* PBXContainerItemProxy */;
		};
		4A06C9AB2912FF520046EE11 /* PBXTargetDependency */ = {
			isa = PBXTargetDependency;
			target = 4A06C9852912FF500046EE11 /* PruebaApp */;
			targetProxy = 4A06C9AA2912FF520046EE11 /* PBXContainerItemProxy */;
		};
/* End PBXTargetDependency section */

/* Begin PBXVariantGroup section */
		4A06C98F2912FF500046EE11 /* Main.storyboard */ = {
			isa = PBXVariantGroup;
			children = (
				4A06C9902912FF500046EE11 /* Base */,
			);
			name = Main.storyboard;
			sourceTree = "<group>";
		};
		4A06C9972912FF520046EE11 /* LaunchScreen.storyboard */ = {
			isa = PBXVariantGroup;
			children = (
				4A06C9982912FF520046EE11 /* Base */,
			);
			name = LaunchScreen.storyboard;
			sourceTree = "<group>";
		};
/* End PBXVariantGroup section */

/* Begin XCBuildConfiguration section */
		4A06C9B12912FF520046EE11 /* Debug */ = {
			isa = XCBuildConfiguration;
			buildSettings = {
				ALWAYS_SEARCH_USER_PATHS = NO;
				CLANG_ANALYZER_NONNULL = YES;
				CLANG_ANALYZER_NUMBER_OBJECT_CONVERSION = YES_AGGRESSIVE;
				CLANG_CXX_LANGUAGE_STANDARD = "gnu++20";
				CLANG_ENABLE_MODULES = YES;
				CLANG_ENABLE_OBJC_ARC = YES;
				CLANG_ENABLE_OBJC_WEAK = YES;
				CLANG_WARN_BLOCK_CAPTURE_AUTORELEASING = YES;
				CLANG_WARN_BOOL_CONVERSION = YES;
				CLANG_WARN_COMMA = YES;
				CLANG_WARN_CONSTANT_CONVERSION = YES;
				CLANG_WARN_DEPRECATED_OBJC_IMPLEMENTATIONS = YES;
				CLANG_WARN_DIRECT_OBJC_ISA_USAGE = YES_ERROR;
				CLANG_WARN_DOCUMENTATION_COMMENTS = YES;
				CLANG_WARN_EMPTY_BODY = YES;
				CLANG_WARN_ENUM_CONVERSION = YES;
				CLANG_WARN_INFINITE_RECURSION = YES;
				CLANG_WARN_INT_CONVERSION = YES;
				CLANG_WARN_NON_LITERAL_NULL_CONVERSION = YES;
				CLANG_WARN_OBJC_IMPLICIT_RETAIN_SELF = YES;
				CLANG_WARN_OBJC_LITERAL_CONVERSION = YES;
				CLANG_WARN_OBJC_ROOT_CLASS = YES_ERROR;
				CLANG_WARN_QUOTED_INCLUDE_IN_FRAMEWORK_HEADER = YES;
				CLANG_WARN_RANGE_LOOP_ANALYSIS = YES;
				CLANG_WARN_STRICT_PROTOTYPES = YES;
				CLANG_WARN_SUSPICIOUS_MOVE = YES;
				CLANG_WARN_UNGUARDED_AVAILABILITY = YES_AGGRESSIVE;
				CLANG_WARN_UNREACHABLE_CODE = YES;
				CLANG_WARN__DUPLICATE_METHOD_MATCH = YES;
				COPY_PHASE_STRIP = NO;
				DEBUG_INFORMATION_FORMAT = dwarf;
				ENABLE_STRICT_OBJC_MSGSEND = YES;
				ENABLE_TESTABILITY = YES;
				GCC_C_LANGUAGE_STANDARD = gnu11;
				GCC_DYNAMIC_NO_PIC = NO;
				GCC_NO_COMMON_BLOCKS = YES;
				GCC_OPTIMIZATION_LEVEL = 0;
				GCC_PREPROCESSOR_DEFINITIONS = (
					"DEBUG=1",
					"$(inherited)",
				);
				GCC_WARN_64_TO_32_BIT_CONVERSION = YES;
				GCC_WARN_ABOUT_RETURN_TYPE = YES_ERROR;
				GCC_WARN_UNDECLARED_SELECTOR = YES;
				GCC_WARN_UNINITIALIZED_AUTOS = YES_AGGRESSIVE;
				GCC_WARN_UNUSED_FUNCTION = YES;
				GCC_WARN_UNUSED_VARIABLE = YES;
				IPHONEOS_DEPLOYMENT_TARGET = 16.0;
				MTL_ENABLE_DEBUG_INFO = INCLUDE_SOURCE;
				MTL_FAST_MATH = YES;
				ONLY_ACTIVE_ARCH = YES;
				SDKROOT = iphoneos;
				SWIFT_ACTIVE_COMPILATION_CONDITIONS = DEBUG;
				SWIFT_OPTIMIZATION_LEVEL = "-Onone";
			};
			name = Debug;
		};
		4A06C9B22912FF520046EE11 /* Release */ = {
			isa = XCBuildConfiguration;
			buildSettings = {
				ALWAYS_SEARCH_USER_PATHS = NO;
				CLANG_ANALYZER_NONNULL = YES;
				CLANG_ANALYZER_NUMBER_OBJECT_CONVERSION = YES_AGGRESSIVE;
				CLANG_CXX_LANGUAGE_STANDARD = "gnu++20";
				CLANG_ENABLE_MODULES = YES;
				CLANG_ENABLE_OBJC_ARC = YES;
				CLANG_ENABLE_OBJC_WEAK = YES;
				CLANG_WARN_BLOCK_CAPTURE_AUTORELEASING = YES;
				CLANG_WARN_BOOL_CONVERSION = YES;
				CLANG_WARN_COMMA = YES;
				CLANG_WARN_CONSTANT_CONVERSION = YES;
				CLANG_WARN_DEPRECATED_OBJC_IMPLEMENTATIONS = YES;
				CLANG_WARN_DIRECT_OBJC_ISA_USAGE = YES_ERROR;
				CLANG_WARN_DOCUMENTATION_COMMENTS = YES;
				CLANG_WARN_EMPTY_BODY = YES;
				CLANG_WARN_ENUM_CONVERSION = YES;
				CLANG_WARN_INFINITE_RECURSION = YES;
				CLANG_WARN_INT_CONVERSION = YES;
				CLANG_WARN_NON_LITERAL_NULL_CONVERSION = YES;
				CLANG_WARN_OBJC_IMPLICIT_RETAIN_SELF = YES;
				CLANG_WARN_OBJC_LITERAL_CONVERSION = YES;
				CLANG_WARN_OBJC_ROOT_CLASS = YES_ERROR;
				CLANG_WARN_QUOTED_INCLUDE_IN_FRAMEWORK_HEADER = YES;
				CLANG_WARN_RANGE_LOOP_ANALYSIS = YES;
				CLANG_WARN_STRICT_PROTOTYPES = YES;
				CLANG_WARN_SUSPICIOUS_MOVE = YES;
				CLANG_WARN_UNGUARDED_AVAILABILITY = YES_AGGRESSIVE;
				CLANG_WARN_UNREACHABLE_CODE = YES;
				CLANG_WARN__DUPLICATE_METHOD_MATCH = YES;
				COPY_PHASE_STRIP = NO;
				DEBUG_INFORMATION_FORMAT = "dwarf-with-dsym";
				ENABLE_NS_ASSERTIONS = NO;
				ENABLE_STRICT_OBJC_MSGSEND = YES;
				GCC_C_LANGUAGE_STANDARD = gnu11;
				GCC_NO_COMMON_BLOCKS = YES;
				GCC_WARN_64_TO_32_BIT_CONVERSION = YES;
				GCC_WARN_ABOUT_RETURN_TYPE = YES_ERROR;
				GCC_WARN_UNDECLARED_SELECTOR = YES;
				GCC_WARN_UNINITIALIZED_AUTOS = YES_AGGRESSIVE;
				GCC_WARN_UNUSED_FUNCTION = YES;
				GCC_WARN_UNUSED_VARIABLE = YES;
				IPHONEOS_DEPLOYMENT_TARGET = 16.0;
				MTL_ENABLE_DEBUG_INFO = NO;
				MTL_FAST_MATH = YES;
				SDKROOT = iphoneos;
				SWIFT_COMPILATION_MODE = wholemodule;
				SWIFT_OPTIMIZATION_LEVEL = "-O";
				VALIDATE_PRODUCT = YES;
			};
			name = Release;
		};
		4A06C9B42912FF520046EE11 /* Debug */ = {
			isa = XCBuildConfiguration;
			baseConfigurationReference = 448F30850C447B92CE47E387 /* Pods-PruebaApp.debug.xcconfig */;
			buildSettings = {
				ASSETCATALOG_COMPILER_APPICON_NAME = AppIcon;
				ASSETCATALOG_COMPILER_GLOBAL_ACCENT_COLOR_NAME = AccentColor;
				CODE_SIGN_STYLE = Automatic;
				CURRENT_PROJECT_VERSION = 1;
				GENERATE_INFOPLIST_FILE = YES;
				INFOPLIST_FILE = PruebaApp/Info.plist;
				INFOPLIST_KEY_UIApplicationSupportsIndirectInputEvents = YES;
				INFOPLIST_KEY_UILaunchStoryboardName = LaunchScreen;
				INFOPLIST_KEY_UIMainStoryboardFile = Main;
				INFOPLIST_KEY_UISupportedInterfaceOrientations_iPad = "UIInterfaceOrientationPortrait UIInterfaceOrientationPortraitUpsideDown UIInterfaceOrientationLandscapeLeft UIInterfaceOrientationLandscapeRight";
				INFOPLIST_KEY_UISupportedInterfaceOrientations_iPhone = "UIInterfaceOrientationPortrait UIInterfaceOrientationLandscapeLeft UIInterfaceOrientationLandscapeRight";
				IPHONEOS_DEPLOYMENT_TARGET = 15.0;
				LD_RUNPATH_SEARCH_PATHS = (
					"$(inherited)",
					"@executable_path/Frameworks",
				);
				MARKETING_VERSION = 1.0;
				PRODUCT_BUNDLE_IDENTIFIER = test.PruebaApp;
				PRODUCT_NAME = "$(TARGET_NAME)";
				SWIFT_EMIT_LOC_STRINGS = YES;
				SWIFT_VERSION = 5.0;
				TARGETED_DEVICE_FAMILY = "1,2";
			};
			name = Debug;
		};
		4A06C9B52912FF520046EE11 /* Release */ = {
			isa = XCBuildConfiguration;
			baseConfigurationReference = 51915A61D83808CD68DCE830 /* Pods-PruebaApp.release.xcconfig */;
			buildSettings = {
				ASSETCATALOG_COMPILER_APPICON_NAME = AppIcon;
				ASSETCATALOG_COMPILER_GLOBAL_ACCENT_COLOR_NAME = AccentColor;
				CODE_SIGN_STYLE = Automatic;
				CURRENT_PROJECT_VERSION = 1;
				GENERATE_INFOPLIST_FILE = YES;
				INFOPLIST_FILE = PruebaApp/Info.plist;
				INFOPLIST_KEY_UIApplicationSupportsIndirectInputEvents = YES;
				INFOPLIST_KEY_UILaunchStoryboardName = LaunchScreen;
				INFOPLIST_KEY_UIMainStoryboardFile = Main;
				INFOPLIST_KEY_UISupportedInterfaceOrientations_iPad = "UIInterfaceOrientationPortrait UIInterfaceOrientationPortraitUpsideDown UIInterfaceOrientationLandscapeLeft UIInterfaceOrientationLandscapeRight";
				INFOPLIST_KEY_UISupportedInterfaceOrientations_iPhone = "UIInterfaceOrientationPortrait UIInterfaceOrientationLandscapeLeft UIInterfaceOrientationLandscapeRight";
				IPHONEOS_DEPLOYMENT_TARGET = 15.0;
				LD_RUNPATH_SEARCH_PATHS = (
					"$(inherited)",
					"@executable_path/Frameworks",
				);
				MARKETING_VERSION = 1.0;
				PRODUCT_BUNDLE_IDENTIFIER = test.PruebaApp;
				PRODUCT_NAME = "$(TARGET_NAME)";
				SWIFT_EMIT_LOC_STRINGS = YES;
				SWIFT_VERSION = 5.0;
				TARGETED_DEVICE_FAMILY = "1,2";
			};
			name = Release;
		};
		4A06C9B72912FF520046EE11 /* Debug */ = {
			isa = XCBuildConfiguration;
			baseConfigurationReference = AD369B1D3D28B7F7F96ADB2E /* Pods-PruebaAppTests.debug.xcconfig */;
			buildSettings = {
				ALWAYS_EMBED_SWIFT_STANDARD_LIBRARIES = YES;
				BUNDLE_LOADER = "$(TEST_HOST)";
				CODE_SIGN_STYLE = Automatic;
				CURRENT_PROJECT_VERSION = 1;
				GENERATE_INFOPLIST_FILE = YES;
				IPHONEOS_DEPLOYMENT_TARGET = 15.0;
				MARKETING_VERSION = 1.0;
				PRODUCT_BUNDLE_IDENTIFIER = test.PruebaAppTests;
				PRODUCT_NAME = "$(TARGET_NAME)";
				SWIFT_EMIT_LOC_STRINGS = NO;
				SWIFT_VERSION = 5.0;
				TARGETED_DEVICE_FAMILY = "1,2";
				TEST_HOST = "$(BUILT_PRODUCTS_DIR)/PruebaApp.app/$(BUNDLE_EXECUTABLE_FOLDER_PATH)/PruebaApp";
			};
			name = Debug;
		};
		4A06C9B82912FF520046EE11 /* Release */ = {
			isa = XCBuildConfiguration;
			baseConfigurationReference = 76D0461ACE838CF45BE74321 /* Pods-PruebaAppTests.release.xcconfig */;
			buildSettings = {
				ALWAYS_EMBED_SWIFT_STANDARD_LIBRARIES = YES;
				BUNDLE_LOADER = "$(TEST_HOST)";
				CODE_SIGN_STYLE = Automatic;
				CURRENT_PROJECT_VERSION = 1;
				GENERATE_INFOPLIST_FILE = YES;
				IPHONEOS_DEPLOYMENT_TARGET = 15.0;
				MARKETING_VERSION = 1.0;
				PRODUCT_BUNDLE_IDENTIFIER = test.PruebaAppTests;
				PRODUCT_NAME = "$(TARGET_NAME)";
				SWIFT_EMIT_LOC_STRINGS = NO;
				SWIFT_VERSION = 5.0;
				TARGETED_DEVICE_FAMILY = "1,2";
				TEST_HOST = "$(BUILT_PRODUCTS_DIR)/PruebaApp.app/$(BUNDLE_EXECUTABLE_FOLDER_PATH)/PruebaApp";
			};
			name = Release;
		};
		4A06C9BA2912FF520046EE11 /* Debug */ = {
			isa = XCBuildConfiguration;
			baseConfigurationReference = 0BD265C51CC4A7922884B3A7 /* Pods-PruebaApp-PruebaAppUITests.debug.xcconfig */;
			buildSettings = {
				ALWAYS_EMBED_SWIFT_STANDARD_LIBRARIES = YES;
				CODE_SIGN_STYLE = Automatic;
				CURRENT_PROJECT_VERSION = 1;
				GENERATE_INFOPLIST_FILE = YES;
				MARKETING_VERSION = 1.0;
				PRODUCT_BUNDLE_IDENTIFIER = test.PruebaAppUITests;
				PRODUCT_NAME = "$(TARGET_NAME)";
				SWIFT_EMIT_LOC_STRINGS = NO;
				SWIFT_VERSION = 5.0;
				TARGETED_DEVICE_FAMILY = "1,2";
				TEST_TARGET_NAME = PruebaApp;
			};
			name = Debug;
		};
		4A06C9BB2912FF520046EE11 /* Release */ = {
			isa = XCBuildConfiguration;
			baseConfigurationReference = 292E014BC56C0F12EE0042CE /* Pods-PruebaApp-PruebaAppUITests.release.xcconfig */;
			buildSettings = {
				ALWAYS_EMBED_SWIFT_STANDARD_LIBRARIES = YES;
				CODE_SIGN_STYLE = Automatic;
				CURRENT_PROJECT_VERSION = 1;
				GENERATE_INFOPLIST_FILE = YES;
				MARKETING_VERSION = 1.0;
				PRODUCT_BUNDLE_IDENTIFIER = test.PruebaAppUITests;
				PRODUCT_NAME = "$(TARGET_NAME)";
				SWIFT_EMIT_LOC_STRINGS = NO;
				SWIFT_VERSION = 5.0;
				TARGETED_DEVICE_FAMILY = "1,2";
				TEST_TARGET_NAME = PruebaApp;
			};
			name = Release;
		};
/* End XCBuildConfiguration section */

/* Begin XCConfigurationList section */
		4A06C9812912FF500046EE11 /* Build configuration list for PBXProject "PruebaApp" */ = {
			isa = XCConfigurationList;
			buildConfigurations = (
				4A06C9B12912FF520046EE11 /* Debug */,
				4A06C9B22912FF520046EE11 /* Release */,
			);
			defaultConfigurationIsVisible = 0;
			defaultConfigurationName = Release;
		};
		4A06C9B32912FF520046EE11 /* Build configuration list for PBXNativeTarget "PruebaApp" */ = {
			isa = XCConfigurationList;
			buildConfigurations = (
				4A06C9B42912FF520046EE11 /* Debug */,
				4A06C9B52912FF520046EE11 /* Release */,
			);
			defaultConfigurationIsVisible = 0;
			defaultConfigurationName = Release;
		};
		4A06C9B62912FF520046EE11 /* Build configuration list for PBXNativeTarget "PruebaAppTests" */ = {
			isa = XCConfigurationList;
			buildConfigurations = (
				4A06C9B72912FF520046EE11 /* Debug */,
				4A06C9B82912FF520046EE11 /* Release */,
			);
			defaultConfigurationIsVisible = 0;
			defaultConfigurationName = Release;
		};
		4A06C9B92912FF520046EE11 /* Build configuration list for PBXNativeTarget "PruebaAppUITests" */ = {
			isa = XCConfigurationList;
			buildConfigurations = (
				4A06C9BA2912FF520046EE11 /* Debug */,
				4A06C9BB2912FF520046EE11 /* Release */,
			);
			defaultConfigurationIsVisible = 0;
			defaultConfigurationName = Release;
		};
/* End XCConfigurationList section */

/* Begin XCVersionGroup section */
		4A06AAC729132F9E00A27234 /* DataModel.xcdatamodeld */ = {
			isa = XCVersionGroup;
			children = (
				4A06AAC829132F9E00A27234 /* UserModel.xcdatamodel */,
			);
			currentVersion = 4A06AAC829132F9E00A27234 /* UserModel.xcdatamodel */;
			path = DataModel.xcdatamodeld;
			sourceTree = "<group>";
			versionGroupType = wrapper.xcdatamodel;
		};
/* End XCVersionGroup section */
	};
	rootObject = 4A06C97E2912FF500046EE11 /* Project object */;
}
